// !$*UTF8*$!
{
	archiveVersion = 1;
	classes = {
	};
	objectVersion = 56;
	objects = {

/* Begin PBXBuildFile section */
		2002A158E9DCFC02C75F859C /* Pods_recruitment_sdd_study_case_3Tests.framework in Frameworks */ = {isa = PBXBuildFile; fileRef = F29A2570A7B1CB2DE0C89EDB /* Pods_recruitment_sdd_study_case_3Tests.framework */; };
		756FCD91DD740B03501F5891 /* Pods_recruitment_sdd_study_case_3_recruitment_sdd_study_case_3UITests.framework in Frameworks */ = {isa = PBXBuildFile; fileRef = 41DFD96C2412C17246FCB2C2 /* Pods_recruitment_sdd_study_case_3_recruitment_sdd_study_case_3UITests.framework */; };
		C50CB5588BD739C61E3B6F1B /* Pods_recruitment_sdd_study_case_3.framework in Frameworks */ = {isa = PBXBuildFile; fileRef = 9240B38D523678E39C0A5C9C /* Pods_recruitment_sdd_study_case_3.framework */; };
		E36201402BBD02670075B3CF /* AppDelegate.swift in Sources */ = {isa = PBXBuildFile; fileRef = E362013F2BBD02670075B3CF /* AppDelegate.swift */; };
		E36201422BBD02670075B3CF /* SceneDelegate.swift in Sources */ = {isa = PBXBuildFile; fileRef = E36201412BBD02670075B3CF /* SceneDelegate.swift */; };
		E36201442BBD02670075B3CF /* HomeController.swift in Sources */ = {isa = PBXBuildFile; fileRef = E36201432BBD02670075B3CF /* HomeController.swift */; };
		E36201472BBD02670075B3CF /* Main.storyboard in Resources */ = {isa = PBXBuildFile; fileRef = E36201452BBD02670075B3CF /* Main.storyboard */; };
		E36201492BBD02680075B3CF /* Assets.xcassets in Resources */ = {isa = PBXBuildFile; fileRef = E36201482BBD02680075B3CF /* Assets.xcassets */; };
		E362014C2BBD02680075B3CF /* LaunchScreen.storyboard in Resources */ = {isa = PBXBuildFile; fileRef = E362014A2BBD02680075B3CF /* LaunchScreen.storyboard */; };
		E36201572BBD02680075B3CF /* recruitment_sdd_study_case_3Tests.swift in Sources */ = {isa = PBXBuildFile; fileRef = E36201562BBD02680075B3CF /* recruitment_sdd_study_case_3Tests.swift */; };
		E36201612BBD02680075B3CF /* recruitment_sdd_study_case_3UITests.swift in Sources */ = {isa = PBXBuildFile; fileRef = E36201602BBD02680075B3CF /* recruitment_sdd_study_case_3UITests.swift */; };
		E36201632BBD02680075B3CF /* recruitment_sdd_study_case_3UITestsLaunchTests.swift in Sources */ = {isa = PBXBuildFile; fileRef = E36201622BBD02680075B3CF /* recruitment_sdd_study_case_3UITestsLaunchTests.swift */; };
		E3700F312BBF4887004CFCF6 /* TransSummaryTableCell.xib in Resources */ = {isa = PBXBuildFile; fileRef = E3700F302BBF4887004CFCF6 /* TransSummaryTableCell.xib */; };
		E3700F332BBF4899004CFCF6 /* TransDetailTableCell.xib in Resources */ = {isa = PBXBuildFile; fileRef = E3700F322BBF4899004CFCF6 /* TransDetailTableCell.xib */; };
		E3700F352BBF48DA004CFCF6 /* TransSummaryTableCell.swift in Sources */ = {isa = PBXBuildFile; fileRef = E3700F342BBF48DA004CFCF6 /* TransSummaryTableCell.swift */; };
		E3700F372BBF48F1004CFCF6 /* TransDetailTableCell.swift in Sources */ = {isa = PBXBuildFile; fileRef = E3700F362BBF48F1004CFCF6 /* TransDetailTableCell.swift */; };
		E3700F3A2BBF495E004CFCF6 /* TransDetailController.swift in Sources */ = {isa = PBXBuildFile; fileRef = E3700F392BBF495E004CFCF6 /* TransDetailController.swift */; };
		E3FB51EE2BBED33D006AB334 /* Constant.swift in Sources */ = {isa = PBXBuildFile; fileRef = E3FB51ED2BBED33D006AB334 /* Constant.swift */; };
		E3FB51F02BBED3E4006AB334 /* StaticChartData.swift in Sources */ = {isa = PBXBuildFile; fileRef = E3FB51EF2BBED3E4006AB334 /* StaticChartData.swift */; };
		E3FB51F22BBED413006AB334 /* TransactionData.swift in Sources */ = {isa = PBXBuildFile; fileRef = E3FB51F12BBED413006AB334 /* TransactionData.swift */; };
		E3FB51F42BBED4AD006AB334 /* Transaction.swift in Sources */ = {isa = PBXBuildFile; fileRef = E3FB51F32BBED4AD006AB334 /* Transaction.swift */; };
		E3FB51F72BBEDE10006AB334 /* DATA_STATIC.json in Resources */ = {isa = PBXBuildFile; fileRef = E3FB51F62BBEDE10006AB334 /* DATA_STATIC.json */; };
		E3FB51F92BBEE309006AB334 /* TransPerMonthData.swift in Sources */ = {isa = PBXBuildFile; fileRef = E3FB51F82BBEE309006AB334 /* TransPerMonthData.swift */; };
/* End PBXBuildFile section */

/* Begin PBXContainerItemProxy section */
		E36201532BBD02680075B3CF /* PBXContainerItemProxy */ = {
			isa = PBXContainerItemProxy;
			containerPortal = E36201342BBD02670075B3CF /* Project object */;
			proxyType = 1;
			remoteGlobalIDString = E362013B2BBD02670075B3CF;
			remoteInfo = "recruitment-sdd_study_case_3";
		};
		E362015D2BBD02680075B3CF /* PBXContainerItemProxy */ = {
			isa = PBXContainerItemProxy;
			containerPortal = E36201342BBD02670075B3CF /* Project object */;
			proxyType = 1;
			remoteGlobalIDString = E362013B2BBD02670075B3CF;
			remoteInfo = "recruitment-sdd_study_case_3";
		};
/* End PBXContainerItemProxy section */

/* Begin PBXFileReference section */
		116D7022A2C54F6BC23EC3AC /* Pods-recruitment-sdd_study_case_3.release.xcconfig */ = {isa = PBXFileReference; includeInIndex = 1; lastKnownFileType = text.xcconfig; name = "Pods-recruitment-sdd_study_case_3.release.xcconfig"; path = "Target Support Files/Pods-recruitment-sdd_study_case_3/Pods-recruitment-sdd_study_case_3.release.xcconfig"; sourceTree = "<group>"; };
		1CB573709974DEE6548E6E6D /* Pods-recruitment-sdd_study_case_3Tests.release.xcconfig */ = {isa = PBXFileReference; includeInIndex = 1; lastKnownFileType = text.xcconfig; name = "Pods-recruitment-sdd_study_case_3Tests.release.xcconfig"; path = "Target Support Files/Pods-recruitment-sdd_study_case_3Tests/Pods-recruitment-sdd_study_case_3Tests.release.xcconfig"; sourceTree = "<group>"; };
		41DFD96C2412C17246FCB2C2 /* Pods_recruitment_sdd_study_case_3_recruitment_sdd_study_case_3UITests.framework */ = {isa = PBXFileReference; explicitFileType = wrapper.framework; includeInIndex = 0; path = Pods_recruitment_sdd_study_case_3_recruitment_sdd_study_case_3UITests.framework; sourceTree = BUILT_PRODUCTS_DIR; };
		56FDC249FE4877AD329190E1 /* Pods-recruitment-sdd_study_case_3Tests.debug.xcconfig */ = {isa = PBXFileReference; includeInIndex = 1; lastKnownFileType = text.xcconfig; name = "Pods-recruitment-sdd_study_case_3Tests.debug.xcconfig"; path = "Target Support Files/Pods-recruitment-sdd_study_case_3Tests/Pods-recruitment-sdd_study_case_3Tests.debug.xcconfig"; sourceTree = "<group>"; };
		8C8DC268EB357475D77BA8F9 /* Pods-recruitment-sdd_study_case_3-recruitment-sdd_study_case_3UITests.debug.xcconfig */ = {isa = PBXFileReference; includeInIndex = 1; lastKnownFileType = text.xcconfig; name = "Pods-recruitment-sdd_study_case_3-recruitment-sdd_study_case_3UITests.debug.xcconfig"; path = "Target Support Files/Pods-recruitment-sdd_study_case_3-recruitment-sdd_study_case_3UITests/Pods-recruitment-sdd_study_case_3-recruitment-sdd_study_case_3UITests.debug.xcconfig"; sourceTree = "<group>"; };
		9240B38D523678E39C0A5C9C /* Pods_recruitment_sdd_study_case_3.framework */ = {isa = PBXFileReference; explicitFileType = wrapper.framework; includeInIndex = 0; path = Pods_recruitment_sdd_study_case_3.framework; sourceTree = BUILT_PRODUCTS_DIR; };
		E362013C2BBD02670075B3CF /* recruitment-sdd_study_case_3.app */ = {isa = PBXFileReference; explicitFileType = wrapper.application; includeInIndex = 0; path = "recruitment-sdd_study_case_3.app"; sourceTree = BUILT_PRODUCTS_DIR; };
		E362013F2BBD02670075B3CF /* AppDelegate.swift */ = {isa = PBXFileReference; lastKnownFileType = sourcecode.swift; path = AppDelegate.swift; sourceTree = "<group>"; };
		E36201412BBD02670075B3CF /* SceneDelegate.swift */ = {isa = PBXFileReference; lastKnownFileType = sourcecode.swift; path = SceneDelegate.swift; sourceTree = "<group>"; };
		E36201432BBD02670075B3CF /* HomeController.swift */ = {isa = PBXFileReference; lastKnownFileType = sourcecode.swift; path = HomeController.swift; sourceTree = "<group>"; };
		E36201462BBD02670075B3CF /* Base */ = {isa = PBXFileReference; lastKnownFileType = file.storyboard; name = Base; path = Base.lproj/Main.storyboard; sourceTree = "<group>"; };
		E36201482BBD02680075B3CF /* Assets.xcassets */ = {isa = PBXFileReference; lastKnownFileType = folder.assetcatalog; path = Assets.xcassets; sourceTree = "<group>"; };
		E362014B2BBD02680075B3CF /* Base */ = {isa = PBXFileReference; lastKnownFileType = file.storyboard; name = Base; path = Base.lproj/LaunchScreen.storyboard; sourceTree = "<group>"; };
		E362014D2BBD02680075B3CF /* Info.plist */ = {isa = PBXFileReference; lastKnownFileType = text.plist.xml; path = Info.plist; sourceTree = "<group>"; };
		E36201522BBD02680075B3CF /* recruitment-sdd_study_case_3Tests.xctest */ = {isa = PBXFileReference; explicitFileType = wrapper.cfbundle; includeInIndex = 0; path = "recruitment-sdd_study_case_3Tests.xctest"; sourceTree = BUILT_PRODUCTS_DIR; };
		E36201562BBD02680075B3CF /* recruitment_sdd_study_case_3Tests.swift */ = {isa = PBXFileReference; lastKnownFileType = sourcecode.swift; path = recruitment_sdd_study_case_3Tests.swift; sourceTree = "<group>"; };
		E362015C2BBD02680075B3CF /* recruitment-sdd_study_case_3UITests.xctest */ = {isa = PBXFileReference; explicitFileType = wrapper.cfbundle; includeInIndex = 0; path = "recruitment-sdd_study_case_3UITests.xctest"; sourceTree = BUILT_PRODUCTS_DIR; };
		E36201602BBD02680075B3CF /* recruitment_sdd_study_case_3UITests.swift */ = {isa = PBXFileReference; lastKnownFileType = sourcecode.swift; path = recruitment_sdd_study_case_3UITests.swift; sourceTree = "<group>"; };
		E36201622BBD02680075B3CF /* recruitment_sdd_study_case_3UITestsLaunchTests.swift */ = {isa = PBXFileReference; lastKnownFileType = sourcecode.swift; path = recruitment_sdd_study_case_3UITestsLaunchTests.swift; sourceTree = "<group>"; };
		E3700F302BBF4887004CFCF6 /* TransSummaryTableCell.xib */ = {isa = PBXFileReference; lastKnownFileType = file.xib; path = TransSummaryTableCell.xib; sourceTree = "<group>"; };
		E3700F322BBF4899004CFCF6 /* TransDetailTableCell.xib */ = {isa = PBXFileReference; lastKnownFileType = file.xib; path = TransDetailTableCell.xib; sourceTree = "<group>"; };
		E3700F342BBF48DA004CFCF6 /* TransSummaryTableCell.swift */ = {isa = PBXFileReference; lastKnownFileType = sourcecode.swift; path = TransSummaryTableCell.swift; sourceTree = "<group>"; };
		E3700F362BBF48F1004CFCF6 /* TransDetailTableCell.swift */ = {isa = PBXFileReference; lastKnownFileType = sourcecode.swift; path = TransDetailTableCell.swift; sourceTree = "<group>"; };
		E3700F392BBF495E004CFCF6 /* TransDetailController.swift */ = {isa = PBXFileReference; lastKnownFileType = sourcecode.swift; path = TransDetailController.swift; sourceTree = "<group>"; };
		E3FB51ED2BBED33D006AB334 /* Constant.swift */ = {isa = PBXFileReference; lastKnownFileType = sourcecode.swift; path = Constant.swift; sourceTree = "<group>"; };
		E3FB51EF2BBED3E4006AB334 /* StaticChartData.swift */ = {isa = PBXFileReference; lastKnownFileType = sourcecode.swift; path = StaticChartData.swift; sourceTree = "<group>"; };
		E3FB51F12BBED413006AB334 /* TransactionData.swift */ = {isa = PBXFileReference; lastKnownFileType = sourcecode.swift; path = TransactionData.swift; sourceTree = "<group>"; };
		E3FB51F32BBED4AD006AB334 /* Transaction.swift */ = {isa = PBXFileReference; lastKnownFileType = sourcecode.swift; path = Transaction.swift; sourceTree = "<group>"; };
		E3FB51F62BBEDE10006AB334 /* DATA_STATIC.json */ = {isa = PBXFileReference; fileEncoding = 4; lastKnownFileType = text.json; path = DATA_STATIC.json; sourceTree = "<group>"; };
		E3FB51F82BBEE309006AB334 /* TransPerMonthData.swift */ = {isa = PBXFileReference; lastKnownFileType = sourcecode.swift; path = TransPerMonthData.swift; sourceTree = "<group>"; };
		E89B79B0AE0A2BC208D7888F /* Pods-recruitment-sdd_study_case_3.debug.xcconfig */ = {isa = PBXFileReference; includeInIndex = 1; lastKnownFileType = text.xcconfig; name = "Pods-recruitment-sdd_study_case_3.debug.xcconfig"; path = "Target Support Files/Pods-recruitment-sdd_study_case_3/Pods-recruitment-sdd_study_case_3.debug.xcconfig"; sourceTree = "<group>"; };
		EC6A9EA413E8DF770230BBF8 /* Pods-recruitment-sdd_study_case_3-recruitment-sdd_study_case_3UITests.release.xcconfig */ = {isa = PBXFileReference; includeInIndex = 1; lastKnownFileType = text.xcconfig; name = "Pods-recruitment-sdd_study_case_3-recruitment-sdd_study_case_3UITests.release.xcconfig"; path = "Target Support Files/Pods-recruitment-sdd_study_case_3-recruitment-sdd_study_case_3UITests/Pods-recruitment-sdd_study_case_3-recruitment-sdd_study_case_3UITests.release.xcconfig"; sourceTree = "<group>"; };
		F29A2570A7B1CB2DE0C89EDB /* Pods_recruitment_sdd_study_case_3Tests.framework */ = {isa = PBXFileReference; explicitFileType = wrapper.framework; includeInIndex = 0; path = Pods_recruitment_sdd_study_case_3Tests.framework; sourceTree = BUILT_PRODUCTS_DIR; };
/* End PBXFileReference section */

/* Begin PBXFrameworksBuildPhase section */
		E36201392BBD02670075B3CF /* Frameworks */ = {
			isa = PBXFrameworksBuildPhase;
			buildActionMask = 2147483647;
			files = (
				C50CB5588BD739C61E3B6F1B /* Pods_recruitment_sdd_study_case_3.framework in Frameworks */,
			);
			runOnlyForDeploymentPostprocessing = 0;
		};
		E362014F2BBD02680075B3CF /* Frameworks */ = {
			isa = PBXFrameworksBuildPhase;
			buildActionMask = 2147483647;
			files = (
				2002A158E9DCFC02C75F859C /* Pods_recruitment_sdd_study_case_3Tests.framework in Frameworks */,
			);
			runOnlyForDeploymentPostprocessing = 0;
		};
		E36201592BBD02680075B3CF /* Frameworks */ = {
			isa = PBXFrameworksBuildPhase;
			buildActionMask = 2147483647;
			files = (
				756FCD91DD740B03501F5891 /* Pods_recruitment_sdd_study_case_3_recruitment_sdd_study_case_3UITests.framework in Frameworks */,
			);
			runOnlyForDeploymentPostprocessing = 0;
		};
/* End PBXFrameworksBuildPhase section */

/* Begin PBXGroup section */
		7B9AB5F63D6F25332A55C585 /* Pods */ = {
			isa = PBXGroup;
			children = (
				E89B79B0AE0A2BC208D7888F /* Pods-recruitment-sdd_study_case_3.debug.xcconfig */,
				116D7022A2C54F6BC23EC3AC /* Pods-recruitment-sdd_study_case_3.release.xcconfig */,
				8C8DC268EB357475D77BA8F9 /* Pods-recruitment-sdd_study_case_3-recruitment-sdd_study_case_3UITests.debug.xcconfig */,
				EC6A9EA413E8DF770230BBF8 /* Pods-recruitment-sdd_study_case_3-recruitment-sdd_study_case_3UITests.release.xcconfig */,
				56FDC249FE4877AD329190E1 /* Pods-recruitment-sdd_study_case_3Tests.debug.xcconfig */,
				1CB573709974DEE6548E6E6D /* Pods-recruitment-sdd_study_case_3Tests.release.xcconfig */,
			);
			path = Pods;
			sourceTree = "<group>";
		};
		7D5CE606B161894A904432CB /* Frameworks */ = {
			isa = PBXGroup;
			children = (
				9240B38D523678E39C0A5C9C /* Pods_recruitment_sdd_study_case_3.framework */,
				41DFD96C2412C17246FCB2C2 /* Pods_recruitment_sdd_study_case_3_recruitment_sdd_study_case_3UITests.framework */,
				F29A2570A7B1CB2DE0C89EDB /* Pods_recruitment_sdd_study_case_3Tests.framework */,
			);
			name = Frameworks;
			sourceTree = "<group>";
		};
		E36201332BBD02670075B3CF = {
			isa = PBXGroup;
			children = (
				E362013E2BBD02670075B3CF /* recruitment-sdd_study_case_3 */,
				E36201552BBD02680075B3CF /* recruitment-sdd_study_case_3Tests */,
				E362015F2BBD02680075B3CF /* recruitment-sdd_study_case_3UITests */,
				E362013D2BBD02670075B3CF /* Products */,
				7B9AB5F63D6F25332A55C585 /* Pods */,
				7D5CE606B161894A904432CB /* Frameworks */,
			);
			sourceTree = "<group>";
		};
		E362013D2BBD02670075B3CF /* Products */ = {
			isa = PBXGroup;
			children = (
				E362013C2BBD02670075B3CF /* recruitment-sdd_study_case_3.app */,
				E36201522BBD02680075B3CF /* recruitment-sdd_study_case_3Tests.xctest */,
				E362015C2BBD02680075B3CF /* recruitment-sdd_study_case_3UITests.xctest */,
			);
			name = Products;
			sourceTree = "<group>";
		};
		E362013E2BBD02670075B3CF /* recruitment-sdd_study_case_3 */ = {
			isa = PBXGroup;
			children = (
				E3FB51F52BBED672006AB334 /* Interactor */,
				E3FB51E92BBECDA6006AB334 /* Entity */,
				E3FB51EA2BBECDB0006AB334 /* View */,
				E362013F2BBD02670075B3CF /* AppDelegate.swift */,
				E36201412BBD02670075B3CF /* SceneDelegate.swift */,
				E3FB51ED2BBED33D006AB334 /* Constant.swift */,
				E36201452BBD02670075B3CF /* Main.storyboard */,
				E36201482BBD02680075B3CF /* Assets.xcassets */,
				E3FB51F62BBEDE10006AB334 /* DATA_STATIC.json */,
				E362014A2BBD02680075B3CF /* LaunchScreen.storyboard */,
				E362014D2BBD02680075B3CF /* Info.plist */,
			);
			path = "recruitment-sdd_study_case_3";
			sourceTree = "<group>";
		};
		E36201552BBD02680075B3CF /* recruitment-sdd_study_case_3Tests */ = {
			isa = PBXGroup;
			children = (
				E36201562BBD02680075B3CF /* recruitment_sdd_study_case_3Tests.swift */,
			);
			path = "recruitment-sdd_study_case_3Tests";
			sourceTree = "<group>";
		};
		E362015F2BBD02680075B3CF /* recruitment-sdd_study_case_3UITests */ = {
			isa = PBXGroup;
			children = (
				E36201602BBD02680075B3CF /* recruitment_sdd_study_case_3UITests.swift */,
				E36201622BBD02680075B3CF /* recruitment_sdd_study_case_3UITestsLaunchTests.swift */,
			);
			path = "recruitment-sdd_study_case_3UITests";
			sourceTree = "<group>";
		};
		E3700F2F2BBF484C004CFCF6 /* TableCell */ = {
			isa = PBXGroup;
			children = (
				E3700F362BBF48F1004CFCF6 /* TransDetailTableCell.swift */,
				E3700F322BBF4899004CFCF6 /* TransDetailTableCell.xib */,
				E3700F342BBF48DA004CFCF6 /* TransSummaryTableCell.swift */,
				E3700F302BBF4887004CFCF6 /* TransSummaryTableCell.xib */,
			);
			path = TableCell;
			sourceTree = "<group>";
		};
		E3700F382BBF493C004CFCF6 /* Controller */ = {
			isa = PBXGroup;
			children = (
				E36201432BBD02670075B3CF /* HomeController.swift */,
				E3700F392BBF495E004CFCF6 /* TransDetailController.swift */,
			);
			path = Controller;
			sourceTree = "<group>";
		};
		E3FB51E92BBECDA6006AB334 /* Entity */ = {
			isa = PBXGroup;
			children = (
				E3FB51F32BBED4AD006AB334 /* Transaction.swift */,
				E3FB51F12BBED413006AB334 /* TransactionData.swift */,
				E3FB51F82BBEE309006AB334 /* TransPerMonthData.swift */,
			);
			path = Entity;
			sourceTree = "<group>";
		};
		E3FB51EA2BBECDB0006AB334 /* View */ = {
			isa = PBXGroup;
			children = (
				E3700F382BBF493C004CFCF6 /* Controller */,
				E3700F2F2BBF484C004CFCF6 /* TableCell */,
			);
			path = View;
			sourceTree = "<group>";
		};
		E3FB51F52BBED672006AB334 /* Interactor */ = {
			isa = PBXGroup;
			children = (
				E3FB51EF2BBED3E4006AB334 /* StaticChartData.swift */,
			);
			path = Interactor;
			sourceTree = "<group>";
		};
/* End PBXGroup section */

/* Begin PBXNativeTarget section */
		E362013B2BBD02670075B3CF /* recruitment-sdd_study_case_3 */ = {
			isa = PBXNativeTarget;
			buildConfigurationList = E36201662BBD02680075B3CF /* Build configuration list for PBXNativeTarget "recruitment-sdd_study_case_3" */;
			buildPhases = (
				7FD369206C407CB8C4508DFB /* [CP] Check Pods Manifest.lock */,
				E36201382BBD02670075B3CF /* Sources */,
				E36201392BBD02670075B3CF /* Frameworks */,
				E362013A2BBD02670075B3CF /* Resources */,
				83C7BD13D0098A36ACD5677F /* [CP] Embed Pods Frameworks */,
			);
			buildRules = (
			);
			dependencies = (
			);
			name = "recruitment-sdd_study_case_3";
			productName = "recruitment-sdd_study_case_3";
			productReference = E362013C2BBD02670075B3CF /* recruitment-sdd_study_case_3.app */;
			productType = "com.apple.product-type.application";
		};
		E36201512BBD02680075B3CF /* recruitment-sdd_study_case_3Tests */ = {
			isa = PBXNativeTarget;
			buildConfigurationList = E36201692BBD02680075B3CF /* Build configuration list for PBXNativeTarget "recruitment-sdd_study_case_3Tests" */;
			buildPhases = (
				91B96EC6AF9906402EC88AB5 /* [CP] Check Pods Manifest.lock */,
				E362014E2BBD02680075B3CF /* Sources */,
				E362014F2BBD02680075B3CF /* Frameworks */,
				E36201502BBD02680075B3CF /* Resources */,
			);
			buildRules = (
			);
			dependencies = (
				E36201542BBD02680075B3CF /* PBXTargetDependency */,
			);
			name = "recruitment-sdd_study_case_3Tests";
			productName = "recruitment-sdd_study_case_3Tests";
			productReference = E36201522BBD02680075B3CF /* recruitment-sdd_study_case_3Tests.xctest */;
			productType = "com.apple.product-type.bundle.unit-test";
		};
		E362015B2BBD02680075B3CF /* recruitment-sdd_study_case_3UITests */ = {
			isa = PBXNativeTarget;
			buildConfigurationList = E362016C2BBD02680075B3CF /* Build configuration list for PBXNativeTarget "recruitment-sdd_study_case_3UITests" */;
			buildPhases = (
				4024F1FF03D8B2B6C047F485 /* [CP] Check Pods Manifest.lock */,
				E36201582BBD02680075B3CF /* Sources */,
				E36201592BBD02680075B3CF /* Frameworks */,
				E362015A2BBD02680075B3CF /* Resources */,
				ED287F0BA6C97F702FAEBD58 /* [CP] Embed Pods Frameworks */,
			);
			buildRules = (
			);
			dependencies = (
				E362015E2BBD02680075B3CF /* PBXTargetDependency */,
			);
			name = "recruitment-sdd_study_case_3UITests";
			productName = "recruitment-sdd_study_case_3UITests";
			productReference = E362015C2BBD02680075B3CF /* recruitment-sdd_study_case_3UITests.xctest */;
			productType = "com.apple.product-type.bundle.ui-testing";
		};
/* End PBXNativeTarget section */

/* Begin PBXProject section */
		E36201342BBD02670075B3CF /* Project object */ = {
			isa = PBXProject;
			attributes = {
				BuildIndependentTargetsInParallel = 1;
				LastSwiftUpdateCheck = 1520;
				LastUpgradeCheck = 1520;
				TargetAttributes = {
					E362013B2BBD02670075B3CF = {
						CreatedOnToolsVersion = 15.2;
					};
					E36201512BBD02680075B3CF = {
						CreatedOnToolsVersion = 15.2;
						TestTargetID = E362013B2BBD02670075B3CF;
					};
					E362015B2BBD02680075B3CF = {
						CreatedOnToolsVersion = 15.2;
						TestTargetID = E362013B2BBD02670075B3CF;
					};
				};
			};
			buildConfigurationList = E36201372BBD02670075B3CF /* Build configuration list for PBXProject "recruitment-sdd_study_case_3" */;
			compatibilityVersion = "Xcode 14.0";
			developmentRegion = en;
			hasScannedForEncodings = 0;
			knownRegions = (
				en,
				Base,
			);
			mainGroup = E36201332BBD02670075B3CF;
			productRefGroup = E362013D2BBD02670075B3CF /* Products */;
			projectDirPath = "";
			projectRoot = "";
			targets = (
				E362013B2BBD02670075B3CF /* recruitment-sdd_study_case_3 */,
				E36201512BBD02680075B3CF /* recruitment-sdd_study_case_3Tests */,
				E362015B2BBD02680075B3CF /* recruitment-sdd_study_case_3UITests */,
			);
		};
/* End PBXProject section */

/* Begin PBXResourcesBuildPhase section */
		E362013A2BBD02670075B3CF /* Resources */ = {
			isa = PBXResourcesBuildPhase;
			buildActionMask = 2147483647;
			files = (
				E362014C2BBD02680075B3CF /* LaunchScreen.storyboard in Resources */,
				E3FB51F72BBEDE10006AB334 /* DATA_STATIC.json in Resources */,
				E3700F332BBF4899004CFCF6 /* TransDetailTableCell.xib in Resources */,
				E36201492BBD02680075B3CF /* Assets.xcassets in Resources */,
				E3700F312BBF4887004CFCF6 /* TransSummaryTableCell.xib in Resources */,
				E36201472BBD02670075B3CF /* Main.storyboard in Resources */,
			);
			runOnlyForDeploymentPostprocessing = 0;
		};
		E36201502BBD02680075B3CF /* Resources */ = {
			isa = PBXResourcesBuildPhase;
			buildActionMask = 2147483647;
			files = (
			);
			runOnlyForDeploymentPostprocessing = 0;
		};
		E362015A2BBD02680075B3CF /* Resources */ = {
			isa = PBXResourcesBuildPhase;
			buildActionMask = 2147483647;
			files = (
			);
			runOnlyForDeploymentPostprocessing = 0;
		};
/* End PBXResourcesBuildPhase section */

/* Begin PBXShellScriptBuildPhase section */
		4024F1FF03D8B2B6C047F485 /* [CP] Check Pods Manifest.lock */ = {
			isa = PBXShellScriptBuildPhase;
			buildActionMask = 2147483647;
			files = (
			);
			inputFileListPaths = (
			);
			inputPaths = (
				"${PODS_PODFILE_DIR_PATH}/Podfile.lock",
				"${PODS_ROOT}/Manifest.lock",
			);
			name = "[CP] Check Pods Manifest.lock";
			outputFileListPaths = (
			);
			outputPaths = (
				"$(DERIVED_FILE_DIR)/Pods-recruitment-sdd_study_case_3-recruitment-sdd_study_case_3UITests-checkManifestLockResult.txt",
			);
			runOnlyForDeploymentPostprocessing = 0;
			shellPath = /bin/sh;
			shellScript = "diff \"${PODS_PODFILE_DIR_PATH}/Podfile.lock\" \"${PODS_ROOT}/Manifest.lock\" > /dev/null\nif [ $? != 0 ] ; then\n    # print error to STDERR\n    echo \"error: The sandbox is not in sync with the Podfile.lock. Run 'pod install' or update your CocoaPods installation.\" >&2\n    exit 1\nfi\n# This output is used by Xcode 'outputs' to avoid re-running this script phase.\necho \"SUCCESS\" > \"${SCRIPT_OUTPUT_FILE_0}\"\n";
			showEnvVarsInLog = 0;
		};
		7FD369206C407CB8C4508DFB /* [CP] Check Pods Manifest.lock */ = {
			isa = PBXShellScriptBuildPhase;
			buildActionMask = 2147483647;
			files = (
			);
			inputFileListPaths = (
			);
			inputPaths = (
				"${PODS_PODFILE_DIR_PATH}/Podfile.lock",
				"${PODS_ROOT}/Manifest.lock",
			);
			name = "[CP] Check Pods Manifest.lock";
			outputFileListPaths = (
			);
			outputPaths = (
				"$(DERIVED_FILE_DIR)/Pods-recruitment-sdd_study_case_3-checkManifestLockResult.txt",
			);
			runOnlyForDeploymentPostprocessing = 0;
			shellPath = /bin/sh;
			shellScript = "diff \"${PODS_PODFILE_DIR_PATH}/Podfile.lock\" \"${PODS_ROOT}/Manifest.lock\" > /dev/null\nif [ $? != 0 ] ; then\n    # print error to STDERR\n    echo \"error: The sandbox is not in sync with the Podfile.lock. Run 'pod install' or update your CocoaPods installation.\" >&2\n    exit 1\nfi\n# This output is used by Xcode 'outputs' to avoid re-running this script phase.\necho \"SUCCESS\" > \"${SCRIPT_OUTPUT_FILE_0}\"\n";
			showEnvVarsInLog = 0;
		};
		83C7BD13D0098A36ACD5677F /* [CP] Embed Pods Frameworks */ = {
			isa = PBXShellScriptBuildPhase;
			buildActionMask = 2147483647;
			files = (
			);
			inputFileListPaths = (
				"${PODS_ROOT}/Target Support Files/Pods-recruitment-sdd_study_case_3/Pods-recruitment-sdd_study_case_3-frameworks-${CONFIGURATION}-input-files.xcfilelist",
			);
			name = "[CP] Embed Pods Frameworks";
			outputFileListPaths = (
				"${PODS_ROOT}/Target Support Files/Pods-recruitment-sdd_study_case_3/Pods-recruitment-sdd_study_case_3-frameworks-${CONFIGURATION}-output-files.xcfilelist",
			);
			runOnlyForDeploymentPostprocessing = 0;
			shellPath = /bin/sh;
			shellScript = "\"${PODS_ROOT}/Target Support Files/Pods-recruitment-sdd_study_case_3/Pods-recruitment-sdd_study_case_3-frameworks.sh\"\n";
			showEnvVarsInLog = 0;
		};
		91B96EC6AF9906402EC88AB5 /* [CP] Check Pods Manifest.lock */ = {
			isa = PBXShellScriptBuildPhase;
			buildActionMask = 2147483647;
			files = (
			);
			inputFileListPaths = (
			);
			inputPaths = (
				"${PODS_PODFILE_DIR_PATH}/Podfile.lock",
				"${PODS_ROOT}/Manifest.lock",
			);
			name = "[CP] Check Pods Manifest.lock";
			outputFileListPaths = (
			);
			outputPaths = (
				"$(DERIVED_FILE_DIR)/Pods-recruitment-sdd_study_case_3Tests-checkManifestLockResult.txt",
			);
			runOnlyForDeploymentPostprocessing = 0;
			shellPath = /bin/sh;
			shellScript = "diff \"${PODS_PODFILE_DIR_PATH}/Podfile.lock\" \"${PODS_ROOT}/Manifest.lock\" > /dev/null\nif [ $? != 0 ] ; then\n    # print error to STDERR\n    echo \"error: The sandbox is not in sync with the Podfile.lock. Run 'pod install' or update your CocoaPods installation.\" >&2\n    exit 1\nfi\n# This output is used by Xcode 'outputs' to avoid re-running this script phase.\necho \"SUCCESS\" > \"${SCRIPT_OUTPUT_FILE_0}\"\n";
			showEnvVarsInLog = 0;
		};
		ED287F0BA6C97F702FAEBD58 /* [CP] Embed Pods Frameworks */ = {
			isa = PBXShellScriptBuildPhase;
			buildActionMask = 2147483647;
			files = (
			);
			inputFileListPaths = (
				"${PODS_ROOT}/Target Support Files/Pods-recruitment-sdd_study_case_3-recruitment-sdd_study_case_3UITests/Pods-recruitment-sdd_study_case_3-recruitment-sdd_study_case_3UITests-frameworks-${CONFIGURATION}-input-files.xcfilelist",
			);
			name = "[CP] Embed Pods Frameworks";
			outputFileListPaths = (
				"${PODS_ROOT}/Target Support Files/Pods-recruitment-sdd_study_case_3-recruitment-sdd_study_case_3UITests/Pods-recruitment-sdd_study_case_3-recruitment-sdd_study_case_3UITests-frameworks-${CONFIGURATION}-output-files.xcfilelist",
			);
			runOnlyForDeploymentPostprocessing = 0;
			shellPath = /bin/sh;
			shellScript = "\"${PODS_ROOT}/Target Support Files/Pods-recruitment-sdd_study_case_3-recruitment-sdd_study_case_3UITests/Pods-recruitment-sdd_study_case_3-recruitment-sdd_study_case_3UITests-frameworks.sh\"\n";
			showEnvVarsInLog = 0;
		};
/* End PBXShellScriptBuildPhase section */

/* Begin PBXSourcesBuildPhase section */
		E36201382BBD02670075B3CF /* Sources */ = {
			isa = PBXSourcesBuildPhase;
			buildActionMask = 2147483647;
			files = (
				E3700F372BBF48F1004CFCF6 /* TransDetailTableCell.swift in Sources */,
				E3FB51F42BBED4AD006AB334 /* Transaction.swift in Sources */,
				E36201442BBD02670075B3CF /* HomeController.swift in Sources */,
				E3700F352BBF48DA004CFCF6 /* TransSummaryTableCell.swift in Sources */,
				E3700F3A2BBF495E004CFCF6 /* TransDetailController.swift in Sources */,
				E3FB51EE2BBED33D006AB334 /* Constant.swift in Sources */,
				E3FB51F22BBED413006AB334 /* TransactionData.swift in Sources */,
				E36201402BBD02670075B3CF /* AppDelegate.swift in Sources */,
				E3FB51F92BBEE309006AB334 /* TransPerMonthData.swift in Sources */,
				E3FB51F02BBED3E4006AB334 /* StaticChartData.swift in Sources */,
				E36201422BBD02670075B3CF /* SceneDelegate.swift in Sources */,
			);
			runOnlyForDeploymentPostprocessing = 0;
		};
		E362014E2BBD02680075B3CF /* Sources */ = {
			isa = PBXSourcesBuildPhase;
			buildActionMask = 2147483647;
			files = (
				E36201572BBD02680075B3CF /* recruitment_sdd_study_case_3Tests.swift in Sources */,
			);
			runOnlyForDeploymentPostprocessing = 0;
		};
		E36201582BBD02680075B3CF /* Sources */ = {
			isa = PBXSourcesBuildPhase;
			buildActionMask = 2147483647;
			files = (
				E36201612BBD02680075B3CF /* recruitment_sdd_study_case_3UITests.swift in Sources */,
				E36201632BBD02680075B3CF /* recruitment_sdd_study_case_3UITestsLaunchTests.swift in Sources */,
			);
			runOnlyForDeploymentPostprocessing = 0;
		};
/* End PBXSourcesBuildPhase section */

/* Begin PBXTargetDependency section */
		E36201542BBD02680075B3CF /* PBXTargetDependency */ = {
			isa = PBXTargetDependency;
			target = E362013B2BBD02670075B3CF /* recruitment-sdd_study_case_3 */;
			targetProxy = E36201532BBD02680075B3CF /* PBXContainerItemProxy */;
		};
		E362015E2BBD02680075B3CF /* PBXTargetDependency */ = {
			isa = PBXTargetDependency;
			target = E362013B2BBD02670075B3CF /* recruitment-sdd_study_case_3 */;
			targetProxy = E362015D2BBD02680075B3CF /* PBXContainerItemProxy */;
		};
/* End PBXTargetDependency section */

/* Begin PBXVariantGroup section */
		E36201452BBD02670075B3CF /* Main.storyboard */ = {
			isa = PBXVariantGroup;
			children = (
				E36201462BBD02670075B3CF /* Base */,
			);
			name = Main.storyboard;
			sourceTree = "<group>";
		};
		E362014A2BBD02680075B3CF /* LaunchScreen.storyboard */ = {
			isa = PBXVariantGroup;
			children = (
				E362014B2BBD02680075B3CF /* Base */,
			);
			name = LaunchScreen.storyboard;
			sourceTree = "<group>";
		};
/* End PBXVariantGroup section */

/* Begin XCBuildConfiguration section */
		E36201642BBD02680075B3CF /* Debug */ = {
			isa = XCBuildConfiguration;
			buildSettings = {
				ALWAYS_SEARCH_USER_PATHS = NO;
				ASSETCATALOG_COMPILER_GENERATE_SWIFT_ASSET_SYMBOL_EXTENSIONS = YES;
				CLANG_ANALYZER_NONNULL = YES;
				CLANG_ANALYZER_NUMBER_OBJECT_CONVERSION = YES_AGGRESSIVE;
				CLANG_CXX_LANGUAGE_STANDARD = "gnu++20";
				CLANG_ENABLE_MODULES = YES;
				CLANG_ENABLE_OBJC_ARC = YES;
				CLANG_ENABLE_OBJC_WEAK = YES;
				CLANG_WARN_BLOCK_CAPTURE_AUTORELEASING = YES;
				CLANG_WARN_BOOL_CONVERSION = YES;
				CLANG_WARN_COMMA = YES;
				CLANG_WARN_CONSTANT_CONVERSION = YES;
				CLANG_WARN_DEPRECATED_OBJC_IMPLEMENTATIONS = YES;
				CLANG_WARN_DIRECT_OBJC_ISA_USAGE = YES_ERROR;
				CLANG_WARN_DOCUMENTATION_COMMENTS = YES;
				CLANG_WARN_EMPTY_BODY = YES;
				CLANG_WARN_ENUM_CONVERSION = YES;
				CLANG_WARN_INFINITE_RECURSION = YES;
				CLANG_WARN_INT_CONVERSION = YES;
				CLANG_WARN_NON_LITERAL_NULL_CONVERSION = YES;
				CLANG_WARN_OBJC_IMPLICIT_RETAIN_SELF = YES;
				CLANG_WARN_OBJC_LITERAL_CONVERSION = YES;
				CLANG_WARN_OBJC_ROOT_CLASS = YES_ERROR;
				CLANG_WARN_QUOTED_INCLUDE_IN_FRAMEWORK_HEADER = YES;
				CLANG_WARN_RANGE_LOOP_ANALYSIS = YES;
				CLANG_WARN_STRICT_PROTOTYPES = YES;
				CLANG_WARN_SUSPICIOUS_MOVE = YES;
				CLANG_WARN_UNGUARDED_AVAILABILITY = YES_AGGRESSIVE;
				CLANG_WARN_UNREACHABLE_CODE = YES;
				CLANG_WARN__DUPLICATE_METHOD_MATCH = YES;
				COPY_PHASE_STRIP = NO;
				DEBUG_INFORMATION_FORMAT = dwarf;
				ENABLE_STRICT_OBJC_MSGSEND = YES;
				ENABLE_TESTABILITY = YES;
				ENABLE_USER_SCRIPT_SANDBOXING = NO;
				GCC_C_LANGUAGE_STANDARD = gnu17;
				GCC_DYNAMIC_NO_PIC = NO;
				GCC_NO_COMMON_BLOCKS = YES;
				GCC_OPTIMIZATION_LEVEL = 0;
				GCC_PREPROCESSOR_DEFINITIONS = (
					"DEBUG=1",
					"$(inherited)",
				);
				GCC_WARN_64_TO_32_BIT_CONVERSION = YES;
				GCC_WARN_ABOUT_RETURN_TYPE = YES_ERROR;
				GCC_WARN_UNDECLARED_SELECTOR = YES;
				GCC_WARN_UNINITIALIZED_AUTOS = YES_AGGRESSIVE;
				GCC_WARN_UNUSED_FUNCTION = YES;
				GCC_WARN_UNUSED_VARIABLE = YES;
				IPHONEOS_DEPLOYMENT_TARGET = 17.2;
				LOCALIZATION_PREFERS_STRING_CATALOGS = YES;
				MTL_ENABLE_DEBUG_INFO = INCLUDE_SOURCE;
				MTL_FAST_MATH = YES;
				ONLY_ACTIVE_ARCH = YES;
				SDKROOT = iphoneos;
				SWIFT_ACTIVE_COMPILATION_CONDITIONS = "DEBUG $(inherited)";
				SWIFT_OPTIMIZATION_LEVEL = "-Onone";
			};
			name = Debug;
		};
		E36201652BBD02680075B3CF /* Release */ = {
			isa = XCBuildConfiguration;
			buildSettings = {
				ALWAYS_SEARCH_USER_PATHS = NO;
				ASSETCATALOG_COMPILER_GENERATE_SWIFT_ASSET_SYMBOL_EXTENSIONS = YES;
				CLANG_ANALYZER_NONNULL = YES;
				CLANG_ANALYZER_NUMBER_OBJECT_CONVERSION = YES_AGGRESSIVE;
				CLANG_CXX_LANGUAGE_STANDARD = "gnu++20";
				CLANG_ENABLE_MODULES = YES;
				CLANG_ENABLE_OBJC_ARC = YES;
				CLANG_ENABLE_OBJC_WEAK = YES;
				CLANG_WARN_BLOCK_CAPTURE_AUTORELEASING = YES;
				CLANG_WARN_BOOL_CONVERSION = YES;
				CLANG_WARN_COMMA = YES;
				CLANG_WARN_CONSTANT_CONVERSION = YES;
				CLANG_WARN_DEPRECATED_OBJC_IMPLEMENTATIONS = YES;
				CLANG_WARN_DIRECT_OBJC_ISA_USAGE = YES_ERROR;
				CLANG_WARN_DOCUMENTATION_COMMENTS = YES;
				CLANG_WARN_EMPTY_BODY = YES;
				CLANG_WARN_ENUM_CONVERSION = YES;
				CLANG_WARN_INFINITE_RECURSION = YES;
				CLANG_WARN_INT_CONVERSION = YES;
				CLANG_WARN_NON_LITERAL_NULL_CONVERSION = YES;
				CLANG_WARN_OBJC_IMPLICIT_RETAIN_SELF = YES;
				CLANG_WARN_OBJC_LITERAL_CONVERSION = YES;
				CLANG_WARN_OBJC_ROOT_CLASS = YES_ERROR;
				CLANG_WARN_QUOTED_INCLUDE_IN_FRAMEWORK_HEADER = YES;
				CLANG_WARN_RANGE_LOOP_ANALYSIS = YES;
				CLANG_WARN_STRICT_PROTOTYPES = YES;
				CLANG_WARN_SUSPICIOUS_MOVE = YES;
				CLANG_WARN_UNGUARDED_AVAILABILITY = YES_AGGRESSIVE;
				CLANG_WARN_UNREACHABLE_CODE = YES;
				CLANG_WARN__DUPLICATE_METHOD_MATCH = YES;
				COPY_PHASE_STRIP = NO;
				DEBUG_INFORMATION_FORMAT = "dwarf-with-dsym";
				ENABLE_NS_ASSERTIONS = NO;
				ENABLE_STRICT_OBJC_MSGSEND = YES;
				ENABLE_USER_SCRIPT_SANDBOXING = NO;
				GCC_C_LANGUAGE_STANDARD = gnu17;
				GCC_NO_COMMON_BLOCKS = YES;
				GCC_WARN_64_TO_32_BIT_CONVERSION = YES;
				GCC_WARN_ABOUT_RETURN_TYPE = YES_ERROR;
				GCC_WARN_UNDECLARED_SELECTOR = YES;
				GCC_WARN_UNINITIALIZED_AUTOS = YES_AGGRESSIVE;
				GCC_WARN_UNUSED_FUNCTION = YES;
				GCC_WARN_UNUSED_VARIABLE = YES;
				IPHONEOS_DEPLOYMENT_TARGET = 17.2;
				LOCALIZATION_PREFERS_STRING_CATALOGS = YES;
				MTL_ENABLE_DEBUG_INFO = NO;
				MTL_FAST_MATH = YES;
				SDKROOT = iphoneos;
				SWIFT_COMPILATION_MODE = wholemodule;
				VALIDATE_PRODUCT = YES;
			};
			name = Release;
		};
		E36201672BBD02680075B3CF /* Debug */ = {
			isa = XCBuildConfiguration;
			baseConfigurationReference = E89B79B0AE0A2BC208D7888F /* Pods-recruitment-sdd_study_case_3.debug.xcconfig */;
			buildSettings = {
				ASSETCATALOG_COMPILER_APPICON_NAME = AppIcon;
				ASSETCATALOG_COMPILER_GLOBAL_ACCENT_COLOR_NAME = AccentColor;
				CODE_SIGN_STYLE = Automatic;
				CURRENT_PROJECT_VERSION = 1;
				DEVELOPMENT_TEAM = 2WP2NEKJPE;
				ENABLE_USER_SCRIPT_SANDBOXING = NO;
				GENERATE_INFOPLIST_FILE = YES;
				INFOPLIST_FILE = "recruitment-sdd_study_case_3/Info.plist";
				INFOPLIST_KEY_CFBundleDisplayName = "Test Case 3";
				INFOPLIST_KEY_UIApplicationSupportsIndirectInputEvents = YES;
				INFOPLIST_KEY_UILaunchStoryboardName = LaunchScreen;
				INFOPLIST_KEY_UIMainStoryboardFile = Main;
				INFOPLIST_KEY_UISupportedInterfaceOrientations_iPad = "UIInterfaceOrientationPortrait UIInterfaceOrientationPortraitUpsideDown UIInterfaceOrientationLandscapeLeft UIInterfaceOrientationLandscapeRight";
				INFOPLIST_KEY_UISupportedInterfaceOrientations_iPhone = "UIInterfaceOrientationPortrait UIInterfaceOrientationLandscapeLeft UIInterfaceOrientationLandscapeRight";
				LD_RUNPATH_SEARCH_PATHS = (
					"$(inherited)",
					"@executable_path/Frameworks",
				);
				MARKETING_VERSION = 1.0;
				PRODUCT_BUNDLE_IDENTIFIER = "recruitment-sdd.recruitment-sdd-study-case-3";
				PRODUCT_NAME = "$(TARGET_NAME)";
				SWIFT_EMIT_LOC_STRINGS = YES;
				SWIFT_VERSION = 5.0;
				TARGETED_DEVICE_FAMILY = "1,2";
			};
			name = Debug;
		};
		E36201682BBD02680075B3CF /* Release */ = {
			isa = XCBuildConfiguration;
			baseConfigurationReference = 116D7022A2C54F6BC23EC3AC /* Pods-recruitment-sdd_study_case_3.release.xcconfig */;
			buildSettings = {
				ASSETCATALOG_COMPILER_APPICON_NAME = AppIcon;
				ASSETCATALOG_COMPILER_GLOBAL_ACCENT_COLOR_NAME = AccentColor;
				CODE_SIGN_STYLE = Automatic;
				CURRENT_PROJECT_VERSION = 1;
				DEVELOPMENT_TEAM = 2WP2NEKJPE;
				ENABLE_USER_SCRIPT_SANDBOXING = NO;
				GENERATE_INFOPLIST_FILE = YES;
				INFOPLIST_FILE = "recruitment-sdd_study_case_3/Info.plist";
				INFOPLIST_KEY_CFBundleDisplayName = "Test Case 3";
				INFOPLIST_KEY_UIApplicationSupportsIndirectInputEvents = YES;
				INFOPLIST_KEY_UILaunchStoryboardName = LaunchScreen;
				INFOPLIST_KEY_UIMainStoryboardFile = Main;
				INFOPLIST_KEY_UISupportedInterfaceOrientations_iPad = "UIInterfaceOrientationPortrait UIInterfaceOrientationPortraitUpsideDown UIInterfaceOrientationLandscapeLeft UIInterfaceOrientationLandscapeRight";
				INFOPLIST_KEY_UISupportedInterfaceOrientations_iPhone = "UIInterfaceOrientationPortrait UIInterfaceOrientationLandscapeLeft UIInterfaceOrientationLandscapeRight";
				LD_RUNPATH_SEARCH_PATHS = (
					"$(inherited)",
					"@executable_path/Frameworks",
				);
				MARKETING_VERSION = 1.0;
				PRODUCT_BUNDLE_IDENTIFIER = "recruitment-sdd.recruitment-sdd-study-case-3";
				PRODUCT_NAME = "$(TARGET_NAME)";
				SWIFT_EMIT_LOC_STRINGS = YES;
				SWIFT_VERSION = 5.0;
				TARGETED_DEVICE_FAMILY = "1,2";
			};
			name = Release;
		};
		E362016A2BBD02680075B3CF /* Debug */ = {
			isa = XCBuildConfiguration;
			baseConfigurationReference = 56FDC249FE4877AD329190E1 /* Pods-recruitment-sdd_study_case_3Tests.debug.xcconfig */;
			buildSettings = {
				ALWAYS_EMBED_SWIFT_STANDARD_LIBRARIES = YES;
				BUNDLE_LOADER = "$(TEST_HOST)";
				CODE_SIGN_STYLE = Automatic;
				CURRENT_PROJECT_VERSION = 1;
				DEVELOPMENT_TEAM = 2WP2NEKJPE;
				ENABLE_USER_SCRIPT_SANDBOXING = NO;
				GENERATE_INFOPLIST_FILE = YES;
				IPHONEOS_DEPLOYMENT_TARGET = 17.2;
				MARKETING_VERSION = 1.0;
				PRODUCT_BUNDLE_IDENTIFIER = "recruitment-sdd.recruitment-sdd-study-case-3Tests";
				PRODUCT_NAME = "$(TARGET_NAME)";
				SWIFT_EMIT_LOC_STRINGS = NO;
				SWIFT_VERSION = 5.0;
				TARGETED_DEVICE_FAMILY = "1,2";
				TEST_HOST = "$(BUILT_PRODUCTS_DIR)/recruitment-sdd_study_case_3.app/$(BUNDLE_EXECUTABLE_FOLDER_PATH)/recruitment-sdd_study_case_3";
			};
			name = Debug;
		};
		E362016B2BBD02680075B3CF /* Release */ = {
			isa = XCBuildConfiguration;
			baseConfigurationReference = 1CB573709974DEE6548E6E6D /* Pods-recruitment-sdd_study_case_3Tests.release.xcconfig */;
			buildSettings = {
				ALWAYS_EMBED_SWIFT_STANDARD_LIBRARIES = YES;
				BUNDLE_LOADER = "$(TEST_HOST)";
				CODE_SIGN_STYLE = Automatic;
				CURRENT_PROJECT_VERSION = 1;
				DEVELOPMENT_TEAM = 2WP2NEKJPE;
				ENABLE_USER_SCRIPT_SANDBOXING = NO;
				GENERATE_INFOPLIST_FILE = YES;
				IPHONEOS_DEPLOYMENT_TARGET = 17.2;
				MARKETING_VERSION = 1.0;
				PRODUCT_BUNDLE_IDENTIFIER = "recruitment-sdd.recruitment-sdd-study-case-3Tests";
				PRODUCT_NAME = "$(TARGET_NAME)";
				SWIFT_EMIT_LOC_STRINGS = NO;
				SWIFT_VERSION = 5.0;
				TARGETED_DEVICE_FAMILY = "1,2";
				TEST_HOST = "$(BUILT_PRODUCTS_DIR)/recruitment-sdd_study_case_3.app/$(BUNDLE_EXECUTABLE_FOLDER_PATH)/recruitment-sdd_study_case_3";
			};
			name = Release;
		};
		E362016D2BBD02680075B3CF /* Debug */ = {
			isa = XCBuildConfiguration;
			baseConfigurationReference = 8C8DC268EB357475D77BA8F9 /* Pods-recruitment-sdd_study_case_3-recruitment-sdd_study_case_3UITests.debug.xcconfig */;
			buildSettings = {
				ALWAYS_EMBED_SWIFT_STANDARD_LIBRARIES = YES;
				CODE_SIGN_STYLE = Automatic;
				CURRENT_PROJECT_VERSION = 1;
				DEVELOPMENT_TEAM = 2WP2NEKJPE;
				ENABLE_USER_SCRIPT_SANDBOXING = NO;
				GENERATE_INFOPLIST_FILE = YES;
				MARKETING_VERSION = 1.0;
				PRODUCT_BUNDLE_IDENTIFIER = "recruitment-sdd.recruitment-sdd-study-case-3UITests";
				PRODUCT_NAME = "$(TARGET_NAME)";
				SWIFT_EMIT_LOC_STRINGS = NO;
				SWIFT_VERSION = 5.0;
				TARGETED_DEVICE_FAMILY = "1,2";
				TEST_TARGET_NAME = "recruitment-sdd_study_case_3";
			};
			name = Debug;
		};
		E362016E2BBD02680075B3CF /* Release */ = {
			isa = XCBuildConfiguration;
			baseConfigurationReference = EC6A9EA413E8DF770230BBF8 /* Pods-recruitment-sdd_study_case_3-recruitment-sdd_study_case_3UITests.release.xcconfig */;
			buildSettings = {
				ALWAYS_EMBED_SWIFT_STANDARD_LIBRARIES = YES;
				CODE_SIGN_STYLE = Automatic;
				CURRENT_PROJECT_VERSION = 1;
				DEVELOPMENT_TEAM = 2WP2NEKJPE;
				ENABLE_USER_SCRIPT_SANDBOXING = NO;
				GENERATE_INFOPLIST_FILE = YES;
				MARKETING_VERSION = 1.0;
				PRODUCT_BUNDLE_IDENTIFIER = "recruitment-sdd.recruitment-sdd-study-case-3UITests";
				PRODUCT_NAME = "$(TARGET_NAME)";
				SWIFT_EMIT_LOC_STRINGS = NO;
				SWIFT_VERSION = 5.0;
				TARGETED_DEVICE_FAMILY = "1,2";
				TEST_TARGET_NAME = "recruitment-sdd_study_case_3";
			};
			name = Release;
		};
/* End XCBuildConfiguration section */

/* Begin XCConfigurationList section */
		E36201372BBD02670075B3CF /* Build configuration list for PBXProject "recruitment-sdd_study_case_3" */ = {
			isa = XCConfigurationList;
			buildConfigurations = (
				E36201642BBD02680075B3CF /* Debug */,
				E36201652BBD02680075B3CF /* Release */,
			);
			defaultConfigurationIsVisible = 0;
			defaultConfigurationName = Release;
		};
		E36201662BBD02680075B3CF /* Build configuration list for PBXNativeTarget "recruitment-sdd_study_case_3" */ = {
			isa = XCConfigurationList;
			buildConfigurations = (
				E36201672BBD02680075B3CF /* Debug */,
				E36201682BBD02680075B3CF /* Release */,
			);
			defaultConfigurationIsVisible = 0;
			defaultConfigurationName = Release;
		};
		E36201692BBD02680075B3CF /* Build configuration list for PBXNativeTarget "recruitment-sdd_study_case_3Tests" */ = {
			isa = XCConfigurationList;
			buildConfigurations = (
				E362016A2BBD02680075B3CF /* Debug */,
				E362016B2BBD02680075B3CF /* Release */,
			);
			defaultConfigurationIsVisible = 0;
			defaultConfigurationName = Release;
		};
		E362016C2BBD02680075B3CF /* Build configuration list for PBXNativeTarget "recruitment-sdd_study_case_3UITests" */ = {
			isa = XCConfigurationList;
			buildConfigurations = (
				E362016D2BBD02680075B3CF /* Debug */,
				E362016E2BBD02680075B3CF /* Release */,
			);
			defaultConfigurationIsVisible = 0;
			defaultConfigurationName = Release;
		};
/* End XCConfigurationList section */
	};
	rootObject = E36201342BBD02670075B3CF /* Project object */;
}
